
Microsoft Visual Studio Solution File, Format Version 12.00
# Visual Studio Version 16
VisualStudioVersion = 16.0.29613.14
MinimumVisualStudioVersion = 10.0.40219.1
Project("{9A19103F-16F7-4668-BE54-9A1E7A4F7556}") = "WritingFunctions", "WritingFunctions\WritingFunctions.csproj", "{2E6C1E52-2E7D-4EF3-8038-96D9BF1A386A}"
EndProject
Project("{9A19103F-16F7-4668-BE54-9A1E7A4F7556}") = "Debugging", "Debugging\Debugging.csproj", "{E7A4455D-0260-4B5E-90E3-7C12A5718721}"
EndProject
Project("{9A19103F-16F7-4668-BE54-9A1E7A4F7556}") = "Dumping", "Dumping\Dumping.csproj", "{A9CD51EA-CC45-4CAE-8CEC-A3565DE2C115}"
EndProject
Project("{9A19103F-16F7-4668-BE54-9A1E7A4F7556}") = "Instrumenting", "Instrumenting\Instrumenting.csproj", "{724469BC-5811-4FC8-8B64-6891937A8A4A}"
EndProject
Project("{2150E333-8FDC-42A3-9474-1A3956D46DE8}") = "Solution Items", "Solution Items", "{8E78284B-55F1-4DA9-9BF2-196737B644B3}"
EndProject
Global
	GlobalSection(SolutionConfigurationPlatforms) = preSolution
		Debug|Any CPU = Debug|Any CPU
		Release|Any CPU = Release|Any CPU
	EndGlobalSection
	GlobalSection(ProjectConfigurationPlatforms) = postSolution
		{2E6C1E52-2E7D-4EF3-8038-96D9BF1A386A}.Debug|Any CPU.ActiveCfg = Debug|Any CPU
		{2E6C1E52-2E7D-4EF3-8038-96D9BF1A386A}.Debug|Any CPU.Build.0 = Debug|Any CPU
		{2E6C1E52-2E7D-4EF3-8038-96D9BF1A386A}.Release|Any CPU.ActiveCfg = Release|Any CPU
		{2E6C1E52-2E7D-4EF3-8038-96D9BF1A386A}.Release|Any CPU.Build.0 = Release|Any CPU
		{E7A4455D-0260-4B5E-90E3-7C12A5718721}.Debug|Any CPU.ActiveCfg = Debug|Any CPU
		{E7A4455D-0260-4B5E-90E3-7C12A5718721}.Debug|Any CPU.Build.0 = Debug|Any CPU
		{E7A4455D-0260-4B5E-90E3-7C12A5718721}.Release|Any CPU.ActiveCfg = Release|Any CPU
		{E7A4455D-0260-4B5E-90E3-7C12A5718721}.Release|Any CPU.Build.0 = Release|Any CPU
		{A9CD51EA-CC45-4CAE-8CEC-A3565DE2C115}.Debug|Any CPU.ActiveCfg = Debug|Any CPU
		{A9CD51EA-CC45-4CAE-8CEC-A3565DE2C115}.Debug|Any CPU.Build.0 = Debug|Any CPU
		{A9CD51EA-CC45-4CAE-8CEC-A3565DE2C115}.Release|Any CPU.ActiveCfg = Release|Any CPU
		{A9CD51EA-CC45-4CAE-8CEC-A3565DE2C115}.Release|Any CPU.Build.0 = Release|Any CPU
		{724469BC-5811-4FC8-8B64-6891937A8A4A}.Debug|Any CPU.ActiveCfg = Debug|Any CPU
		{724469BC-5811-4FC8-8B64-6891937A8A4A}.Debug|Any CPU.Build.0 = Debug|Any CPU
		{724469BC-5811-4FC8-8B64-6891937A8A4A}.Release|Any CPU.ActiveCfg = Release|Any CPU
		{724469BC-5811-4FC8-8B64-6891937A8A4A}.Release|Any CPU.Build.0 = Release|Any CPU
	EndGlobalSection
	GlobalSection(SolutionProperties) = preSolution
		HideSolutionNode = FALSE
	EndGlobalSection
	GlobalSection(ExtensibilityGlobals) = postSolution
		SolutionGuid = {1F03C1CB-55F0-4C7C-8919-E44CB5F39928}
	EndGlobalSection
EndGlobal
